
Microsoft Visual Studio Solution File, Format Version 12.00
# Visual Studio Version 16
VisualStudioVersion = 16.0.30907.101
MinimumVisualStudioVersion = 10.0.40219.1
Project("{FAE04EC0-301F-11D3-BF4B-00C04F79EFBC}") = "ExemploMVC", "ExemploMVC\ExemploMVC.csproj", "{DA1FA3D1-1EB3-4664-AE71-A7CE58CE11E7}"
EndProject
Global
	GlobalSection(SolutionConfigurationPlatforms) = preSolution
		Debug|Any CPU = Debug|Any CPU
		Release|Any CPU = Release|Any CPU
	EndGlobalSection
	GlobalSection(ProjectConfigurationPlatforms) = postSolution
		{DA1FA3D1-1EB3-4664-AE71-A7CE58CE11E7}.Debug|Any CPU.ActiveCfg = Debug|Any CPU
		{DA1FA3D1-1EB3-4664-AE71-A7CE58CE11E7}.Debug|Any CPU.Build.0 = Debug|Any CPU
		{DA1FA3D1-1EB3-4664-AE71-A7CE58CE11E7}.Release|Any CPU.ActiveCfg = Release|Any CPU
		{DA1FA3D1-1EB3-4664-AE71-A7CE58CE11E7}.Release|Any CPU.Build.0 = Release|Any CPU
	EndGlobalSection
	GlobalSection(SolutionProperties) = preSolution
		HideSolutionNode = FALSE
	EndGlobalSection
	GlobalSection(ExtensibilityGlobals) = postSolution
		SolutionGuid = {C28450C4-E518-4662-8E76-7A066AFA233F}
	EndGlobalSection
EndGlobal
